
Microsoft Visual Studio Solution File, Format Version 12.00
# Visual Studio Version 18
VisualStudioVersion = 18.3.11222.16
MinimumVisualStudioVersion = 10.0.40219.1
Project("{9A19103F-16F7-4668-BE54-9A1E7A4F7556}") = "FrostWire", "FrostWire\FrostWire.csproj", "{F817AED8-77DB-4A1D-8833-E563E584717E}"
EndProject
Project("{2150E333-8FDC-42A3-9474-1A3956D46DE8}") = "Solution Items", "Solution Items", "{8AADEC76-1895-4980-A9C7-A635D2107882}"
	ProjectSection(SolutionItems) = preProject
		.editorconfig = .editorconfig
	EndProjectSection
EndProject
Project("{FAE04EC0-301F-11D3-BF4B-00C04F79EFBC}") = "Gainer", "gainer\Gainer.csproj", "{F665E08D-6B3D-481B-81CD-47F76B95B9E3}"
EndProject
Project("{FAE04EC0-301F-11D3-BF4B-00C04F79EFBC}") = "DirExporter", "DirectoryStructureExporter\DirExporter.csproj", "{E2E318C6-0500-C41B-4C0A-65A59DD0C1D4}"
EndProject
Project("{FAE04EC0-301F-11D3-BF4B-00C04F79EFBC}") = "FrostCast", "FrostCast\FrostCast.csproj", "{E56A1D40-BA22-4E07-8250-6420831AAC7F}"
EndProject
Project("{FAE04EC0-301F-11D3-BF4B-00C04F79EFBC}") = "PlaylistManager", "PlaylistManager\PlaylistManager.csproj", "{9B0B76CC-F59A-4281-A04E-1065A69A58F2}"
EndProject
Project("{FAE04EC0-301F-11D3-BF4B-00C04F79EFBC}") = "OpusConverter", "AudioConverter\OpusConverter.csproj", "{A77002FD-37B8-4C27-94AE-7029EF08E714}"
EndProject
Project("{FAE04EC0-301F-11D3-BF4B-00C04F79EFBC}") = "CueSplitter", "CueSplitter\CueSplitter.csproj", "{8224D9A2-CFB4-4B71-8834-50459743FB27}"
EndProject
Project("{FAE04EC0-301F-11D3-BF4B-00C04F79EFBC}") = "FrostLive", "FrostLive\FrostLive.csproj", "{D8B3EC35-CB92-429F-BBC3-A964B863E19C}"
EndProject
Project("{FAE04EC0-301F-11D3-BF4B-00C04F79EFBC}") = "FrostPlayer", "FrostPlayer\FrostPlayer.csproj", "{E5F50D44-E0DA-477E-B245-8AD813DF02D5}"
EndProject
Global
	GlobalSection(SolutionConfigurationPlatforms) = preSolution
		Debug|Any CPU = Debug|Any CPU
		Debug|x64 = Debug|x64
		Debug|x86 = Debug|x86
		Release|Any CPU = Release|Any CPU
		Release|x64 = Release|x64
		Release|x86 = Release|x86
	EndGlobalSection
	GlobalSection(ProjectConfigurationPlatforms) = postSolution
		{F817AED8-77DB-4A1D-8833-E563E584717E}.Debug|Any CPU.ActiveCfg = Debug|Any CPU
		{F817AED8-77DB-4A1D-8833-E563E584717E}.Debug|Any CPU.Build.0 = Debug|Any CPU
		{F817AED8-77DB-4A1D-8833-E563E584717E}.Debug|x64.ActiveCfg = Debug|x64
		{F817AED8-77DB-4A1D-8833-E563E584717E}.Debug|x64.Build.0 = Debug|x64
		{F817AED8-77DB-4A1D-8833-E563E584717E}.Debug|x86.ActiveCfg = Debug|x86
		{F817AED8-77DB-4A1D-8833-E563E584717E}.Debug|x86.Build.0 = Debug|x86
		{F817AED8-77DB-4A1D-8833-E563E584717E}.Release|Any CPU.ActiveCfg = Release|Any CPU
		{F817AED8-77DB-4A1D-8833-E563E584717E}.Release|Any CPU.Build.0 = Release|Any CPU
		{F817AED8-77DB-4A1D-8833-E563E584717E}.Release|x64.ActiveCfg = Release|x64
		{F817AED8-77DB-4A1D-8833-E563E584717E}.Release|x64.Build.0 = Release|x64
		{F817AED8-77DB-4A1D-8833-E563E584717E}.Release|x86.ActiveCfg = Release|x86
		{F817AED8-77DB-4A1D-8833-E563E584717E}.Release|x86.Build.0 = Release|x86
		{F665E08D-6B3D-481B-81CD-47F76B95B9E3}.Debug|Any CPU.ActiveCfg = Debug|Any CPU
		{F665E08D-6B3D-481B-81CD-47F76B95B9E3}.Debug|Any CPU.Build.0 = Debug|Any CPU
		{F665E08D-6B3D-481B-81CD-47F76B95B9E3}.Debug|x64.ActiveCfg = Debug|Any CPU
		{F665E08D-6B3D-481B-81CD-47F76B95B9E3}.Debug|x64.Build.0 = Debug|Any CPU
		{F665E08D-6B3D-481B-81CD-47F76B95B9E3}.Debug|x86.ActiveCfg = Debug|Any CPU
		{F665E08D-6B3D-481B-81CD-47F76B95B9E3}.Debug|x86.Build.0 = Debug|Any CPU
		{F665E08D-6B3D-481B-81CD-47F76B95B9E3}.Release|Any CPU.ActiveCfg = Release|Any CPU
		{F665E08D-6B3D-481B-81CD-47F76B95B9E3}.Release|Any CPU.Build.0 = Release|Any CPU
		{F665E08D-6B3D-481B-81CD-47F76B95B9E3}.Release|x64.ActiveCfg = Release|Any CPU
		{F665E08D-6B3D-481B-81CD-47F76B95B9E3}.Release|x64.Build.0 = Release|Any CPU
		{F665E08D-6B3D-481B-81CD-47F76B95B9E3}.Release|x86.ActiveCfg = Release|Any CPU
		{F665E08D-6B3D-481B-81CD-47F76B95B9E3}.Release|x86.Build.0 = Release|Any CPU
		{E2E318C6-0500-C41B-4C0A-65A59DD0C1D4}.Debug|Any CPU.ActiveCfg = Debug|Any CPU
		{E2E318C6-0500-C41B-4C0A-65A59DD0C1D4}.Debug|Any CPU.Build.0 = Debug|Any CPU
		{E2E318C6-0500-C41B-4C0A-65A59DD0C1D4}.Debug|x64.ActiveCfg = Debug|Any CPU
		{E2E318C6-0500-C41B-4C0A-65A59DD0C1D4}.Debug|x64.Build.0 = Debug|Any CPU
		{E2E318C6-0500-C41B-4C0A-65A59DD0C1D4}.Debug|x86.ActiveCfg = Debug|Any CPU
		{E2E318C6-0500-C41B-4C0A-65A59DD0C1D4}.Debug|x86.Build.0 = Debug|Any CPU
		{E2E318C6-0500-C41B-4C0A-65A59DD0C1D4}.Release|Any CPU.ActiveCfg = Release|Any CPU
		{E2E318C6-0500-C41B-4C0A-65A59DD0C1D4}.Release|Any CPU.Build.0 = Release|Any CPU
		{E2E318C6-0500-C41B-4C0A-65A59DD0C1D4}.Release|x64.ActiveCfg = Release|Any CPU
		{E2E318C6-0500-C41B-4C0A-65A59DD0C1D4}.Release|x64.Build.0 = Release|Any CPU
		{E2E318C6-0500-C41B-4C0A-65A59DD0C1D4}.Release|x86.ActiveCfg = Release|Any CPU
		{E2E318C6-0500-C41B-4C0A-65A59DD0C1D4}.Release|x86.Build.0 = Release|Any CPU
		{E56A1D40-BA22-4E07-8250-6420831AAC7F}.Debug|Any CPU.ActiveCfg = Debug|Any CPU
		{E56A1D40-BA22-4E07-8250-6420831AAC7F}.Debug|Any CPU.Build.0 = Debug|Any CPU
		{E56A1D40-BA22-4E07-8250-6420831AAC7F}.Debug|x64.ActiveCfg = Debug|Any CPU
		{E56A1D40-BA22-4E07-8250-6420831AAC7F}.Debug|x64.Build.0 = Debug|Any CPU
		{E56A1D40-BA22-4E07-8250-6420831AAC7F}.Debug|x86.ActiveCfg = Debug|Any CPU
		{E56A1D40-BA22-4E07-8250-6420831AAC7F}.Debug|x86.Build.0 = Debug|Any CPU
		{E56A1D40-BA22-4E07-8250-6420831AAC7F}.Release|Any CPU.ActiveCfg = Release|Any CPU
		{E56A1D40-BA22-4E07-8250-6420831AAC7F}.Release|Any CPU.Build.0 = Release|Any CPU
		{E56A1D40-BA22-4E07-8250-6420831AAC7F}.Release|x64.ActiveCfg = Release|Any CPU
		{E56A1D40-BA22-4E07-8250-6420831AAC7F}.Release|x64.Build.0 = Release|Any CPU
		{E56A1D40-BA22-4E07-8250-6420831AAC7F}.Release|x86.ActiveCfg = Release|Any CPU
		{E56A1D40-BA22-4E07-8250-6420831AAC7F}.Release|x86.Build.0 = Release|Any CPU
		{9B0B76CC-F59A-4281-A04E-1065A69A58F2}.Debug|Any CPU.ActiveCfg = Debug|Any CPU
		{9B0B76CC-F59A-4281-A04E-1065A69A58F2}.Debug|Any CPU.Build.0 = Debug|Any CPU
		{9B0B76CC-F59A-4281-A04E-1065A69A58F2}.Debug|x64.ActiveCfg = Debug|Any CPU
		{9B0B76CC-F59A-4281-A04E-1065A69A58F2}.Debug|x64.Build.0 = Debug|Any CPU
		{9B0B76CC-F59A-4281-A04E-1065A69A58F2}.Debug|x86.ActiveCfg = Debug|Any CPU
		{9B0B76CC-F59A-4281-A04E-1065A69A58F2}.Debug|x86.Build.0 = Debug|Any CPU
		{9B0B76CC-F59A-4281-A04E-1065A69A58F2}.Release|Any CPU.ActiveCfg = Release|Any CPU
		{9B0B76CC-F59A-4281-A04E-1065A69A58F2}.Release|Any CPU.Build.0 = Release|Any CPU
		{9B0B76CC-F59A-4281-A04E-1065A69A58F2}.Release|x64.ActiveCfg = Release|Any CPU
		{9B0B76CC-F59A-4281-A04E-1065A69A58F2}.Release|x64.Build.0 = Release|Any CPU
		{9B0B76CC-F59A-4281-A04E-1065A69A58F2}.Release|x86.ActiveCfg = Release|Any CPU
		{9B0B76CC-F59A-4281-A04E-1065A69A58F2}.Release|x86.Build.0 = Release|Any CPU
		{A77002FD-37B8-4C27-94AE-7029EF08E714}.Debug|Any CPU.ActiveCfg = Debug|Any CPU
		{A77002FD-37B8-4C27-94AE-7029EF08E714}.Debug|Any CPU.Build.0 = Debug|Any CPU
		{A77002FD-37B8-4C27-94AE-7029EF08E714}.Debug|x64.ActiveCfg = Debug|Any CPU
		{A77002FD-37B8-4C27-94AE-7029EF08E714}.Debug|x64.Build.0 = Debug|Any CPU
		{A77002FD-37B8-4C27-94AE-7029EF08E714}.Debug|x86.ActiveCfg = Debug|Any CPU
		{A77002FD-37B8-4C27-94AE-7029EF08E714}.Debug|x86.Build.0 = Debug|Any CPU
		{A77002FD-37B8-4C27-94AE-7029EF08E714}.Release|Any CPU.ActiveCfg = Release|Any CPU
		{A77002FD-37B8-4C27-94AE-7029EF08E714}.Release|Any CPU.Build.0 = Release|Any CPU
		{A77002FD-37B8-4C27-94AE-7029EF08E714}.Release|x64.ActiveCfg = Release|Any CPU
		{A77002FD-37B8-4C27-94AE-7029EF08E714}.Release|x64.Build.0 = Release|Any CPU
		{A77002FD-37B8-4C27-94AE-7029EF08E714}.Release|x86.ActiveCfg = Release|Any CPU
		{A77002FD-37B8-4C27-94AE-7029EF08E714}.Release|x86.Build.0 = Release|Any CPU
		{8224D9A2-CFB4-4B71-8834-50459743FB27}.Debug|Any CPU.ActiveCfg = Debug|Any CPU
		{8224D9A2-CFB4-4B71-8834-50459743FB27}.Debug|Any CPU.Build.0 = Debug|Any CPU
		{8224D9A2-CFB4-4B71-8834-50459743FB27}.Debug|x64.ActiveCfg = Debug|Any CPU
		{8224D9A2-CFB4-4B71-8834-50459743FB27}.Debug|x64.Build.0 = Debug|Any CPU
		{8224D9A2-CFB4-4B71-8834-50459743FB27}.Debug|x86.ActiveCfg = Debug|Any CPU
		{8224D9A2-CFB4-4B71-8834-50459743FB27}.Debug|x86.Build.0 = Debug|Any CPU
		{8224D9A2-CFB4-4B71-8834-50459743FB27}.Release|Any CPU.ActiveCfg = Release|Any CPU
		{8224D9A2-CFB4-4B71-8834-50459743FB27}.Release|Any CPU.Build.0 = Release|Any CPU
		{8224D9A2-CFB4-4B71-8834-50459743FB27}.Release|x64.ActiveCfg = Release|Any CPU
		{8224D9A2-CFB4-4B71-8834-50459743FB27}.Release|x64.Build.0 = Release|Any CPU
		{8224D9A2-CFB4-4B71-8834-50459743FB27}.Release|x86.ActiveCfg = Release|Any CPU
		{8224D9A2-CFB4-4B71-8834-50459743FB27}.Release|x86.Build.0 = Release|Any CPU
		{D8B3EC35-CB92-429F-BBC3-A964B863E19C}.Debug|Any CPU.ActiveCfg = Debug|Any CPU
		{D8B3EC35-CB92-429F-BBC3-A964B863E19C}.Debug|Any CPU.Build.0 = Debug|Any CPU
		{D8B3EC35-CB92-429F-BBC3-A964B863E19C}.Debug|x64.ActiveCfg = Debug|Any CPU
		{D8B3EC35-CB92-429F-BBC3-A964B863E19C}.Debug|x64.Build.0 = Debug|Any CPU
		{D8B3EC35-CB92-429F-BBC3-A964B863E19C}.Debug|x86.ActiveCfg = Debug|Any CPU
		{D8B3EC35-CB92-429F-BBC3-A964B863E19C}.Debug|x86.Build.0 = Debug|Any CPU
		{D8B3EC35-CB92-429F-BBC3-A964B863E19C}.Release|Any CPU.ActiveCfg = Release|Any CPU
		{D8B3EC35-CB92-429F-BBC3-A964B863E19C}.Release|Any CPU.Build.0 = Release|Any CPU
		{D8B3EC35-CB92-429F-BBC3-A964B863E19C}.Release|x64.ActiveCfg = Release|Any CPU
		{D8B3EC35-CB92-429F-BBC3-A964B863E19C}.Release|x64.Build.0 = Release|Any CPU
		{D8B3EC35-CB92-429F-BBC3-A964B863E19C}.Release|x86.ActiveCfg = Release|Any CPU
		{D8B3EC35-CB92-429F-BBC3-A964B863E19C}.Release|x86.Build.0 = Release|Any CPU
		{E5F50D44-E0DA-477E-B245-8AD813DF02D5}.Debug|Any CPU.ActiveCfg = Debug|Any CPU
		{E5F50D44-E0DA-477E-B245-8AD813DF02D5}.Debug|Any CPU.Build.0 = Debug|Any CPU
		{E5F50D44-E0DA-477E-B245-8AD813DF02D5}.Debug|x64.ActiveCfg = Debug|x64
		{E5F50D44-E0DA-477E-B245-8AD813DF02D5}.Debug|x64.Build.0 = Debug|x64
		{E5F50D44-E0DA-477E-B245-8AD813DF02D5}.Debug|x86.ActiveCfg = Debug|Any CPU
		{E5F50D44-E0DA-477E-B245-8AD813DF02D5}.Debug|x86.Build.0 = Debug|Any CPU
		{E5F50D44-E0DA-477E-B245-8AD813DF02D5}.Release|Any CPU.ActiveCfg = Release|Any CPU
		{E5F50D44-E0DA-477E-B245-8AD813DF02D5}.Release|Any CPU.Build.0 = Release|Any CPU
		{E5F50D44-E0DA-477E-B245-8AD813DF02D5}.Release|x64.ActiveCfg = Release|Any CPU
		{E5F50D44-E0DA-477E-B245-8AD813DF02D5}.Release|x64.Build.0 = Release|Any CPU
		{E5F50D44-E0DA-477E-B245-8AD813DF02D5}.Release|x86.ActiveCfg = Release|Any CPU
		{E5F50D44-E0DA-477E-B245-8AD813DF02D5}.Release|x86.Build.0 = Release|Any CPU
	EndGlobalSection
	GlobalSection(SolutionProperties) = preSolution
		HideSolutionNode = FALSE
	EndGlobalSection
	GlobalSection(ExtensibilityGlobals) = postSolution
		SolutionGuid = {C758CCAB-C756-4E44-8D1D-8765B08A669E}
	EndGlobalSection
EndGlobal
